
Microsoft Visual Studio Solution File, Format Version 12.00
# Visual Studio Version 16
VisualStudioVersion = 16.0.31424.327
MinimumVisualStudioVersion = 10.0.40219.1
Project("{2150E333-8FDC-42A3-9474-1A3956D46DE8}") = "Application", "Application", "{758EE681-BFC2-4FC0-876D-03E8BF2B9390}"
EndProject
Project("{2150E333-8FDC-42A3-9474-1A3956D46DE8}") = "Domain", "Domain", "{F10A361E-8428-4AEA-975C-17C26EF42695}"
EndProject
Project("{2150E333-8FDC-42A3-9474-1A3956D46DE8}") = "Infra.Data", "Infra.Data", "{7FA8882E-818E-449F-9785-1E87861198DF}"
EndProject
Project("{2150E333-8FDC-42A3-9474-1A3956D46DE8}") = "Infra.Ioc", "Infra.Ioc", "{8A2B3808-5F6D-4CFA-965A-C9BF26596EEA}"
EndProject
Project("{2150E333-8FDC-42A3-9474-1A3956D46DE8}") = "Presentation", "Presentation", "{B686E018-4E69-49FC-B206-0E0BAB89E968}"
EndProject
Project("{9A19103F-16F7-4668-BE54-9A1E7A4F7556}") = "CleanArchs.Mvc", "CleanArchs.Mvc\CleanArchs.Mvc.csproj", "{EACB0D68-0CE4-435A-A3F0-F8BBB22343A4}"
EndProject
Project("{9A19103F-16F7-4668-BE54-9A1E7A4F7556}") = "CleanArch.Domain", "CleanArch.Domain\CleanArch.Domain.csproj", "{360147C0-3E15-4BD8-8CDB-D9D7698FC6FB}"
EndProject
Project("{9A19103F-16F7-4668-BE54-9A1E7A4F7556}") = "CleanArch.Infra.Data", "CleanArch.Infra.Data\CleanArch.Infra.Data.csproj", "{08D8A452-94C5-42F6-B72E-52DDDFA01482}"
EndProject
Project("{9A19103F-16F7-4668-BE54-9A1E7A4F7556}") = "CleanArch.Application", "CleanArch.Application\CleanArch.Application.csproj", "{37CE0909-F5AC-4E9D-B0D4-B04D1FD7369C}"
EndProject
Project("{9A19103F-16F7-4668-BE54-9A1E7A4F7556}") = "CleanArch.Infra.Ioc", "CleanArch.Infra.Ioc\CleanArch.Infra.Ioc.csproj", "{1897F822-E1FD-49C9-91BC-0E8576AEE319}"
EndProject
Project("{2150E333-8FDC-42A3-9474-1A3956D46DE8}") = "Infra.Bus", "Infra.Bus", "{8767CBD0-01D0-42C3-8D0A-C7227DBDFABE}"
EndProject
Project("{2150E333-8FDC-42A3-9474-1A3956D46DE8}") = "Api", "Api", "{4C12267E-2BAD-4327-824F-423B536EBF6D}"
EndProject
Project("{FAE04EC0-301F-11D3-BF4B-00C04F79EFBC}") = "CleanArch.Infra.Bus", "CleanArch.Infra.Bus\CleanArch.Infra.Bus.csproj", "{E6850FB3-7C85-4FAB-972B-B97E5B671150}"
EndProject
Global
	GlobalSection(SolutionConfigurationPlatforms) = preSolution
		Debug|Any CPU = Debug|Any CPU
		Release|Any CPU = Release|Any CPU
	EndGlobalSection
	GlobalSection(ProjectConfigurationPlatforms) = postSolution
		{EACB0D68-0CE4-435A-A3F0-F8BBB22343A4}.Debug|Any CPU.ActiveCfg = Debug|Any CPU
		{EACB0D68-0CE4-435A-A3F0-F8BBB22343A4}.Debug|Any CPU.Build.0 = Debug|Any CPU
		{EACB0D68-0CE4-435A-A3F0-F8BBB22343A4}.Release|Any CPU.ActiveCfg = Release|Any CPU
		{EACB0D68-0CE4-435A-A3F0-F8BBB22343A4}.Release|Any CPU.Build.0 = Release|Any CPU
		{360147C0-3E15-4BD8-8CDB-D9D7698FC6FB}.Debug|Any CPU.ActiveCfg = Debug|Any CPU
		{360147C0-3E15-4BD8-8CDB-D9D7698FC6FB}.Debug|Any CPU.Build.0 = Debug|Any CPU
		{360147C0-3E15-4BD8-8CDB-D9D7698FC6FB}.Release|Any CPU.ActiveCfg = Release|Any CPU
		{360147C0-3E15-4BD8-8CDB-D9D7698FC6FB}.Release|Any CPU.Build.0 = Release|Any CPU
		{08D8A452-94C5-42F6-B72E-52DDDFA01482}.Debug|Any CPU.ActiveCfg = Debug|Any CPU
		{08D8A452-94C5-42F6-B72E-52DDDFA01482}.Debug|Any CPU.Build.0 = Debug|Any CPU
		{08D8A452-94C5-42F6-B72E-52DDDFA01482}.Release|Any CPU.ActiveCfg = Release|Any CPU
		{08D8A452-94C5-42F6-B72E-52DDDFA01482}.Release|Any CPU.Build.0 = Release|Any CPU
		{37CE0909-F5AC-4E9D-B0D4-B04D1FD7369C}.Debug|Any CPU.ActiveCfg = Debug|Any CPU
		{37CE0909-F5AC-4E9D-B0D4-B04D1FD7369C}.Debug|Any CPU.Build.0 = Debug|Any CPU
		{37CE0909-F5AC-4E9D-B0D4-B04D1FD7369C}.Release|Any CPU.ActiveCfg = Release|Any CPU
		{37CE0909-F5AC-4E9D-B0D4-B04D1FD7369C}.Release|Any CPU.Build.0 = Release|Any CPU
		{1897F822-E1FD-49C9-91BC-0E8576AEE319}.Debug|Any CPU.ActiveCfg = Debug|Any CPU
		{1897F822-E1FD-49C9-91BC-0E8576AEE319}.Debug|Any CPU.Build.0 = Debug|Any CPU
		{1897F822-E1FD-49C9-91BC-0E8576AEE319}.Release|Any CPU.ActiveCfg = Release|Any CPU
		{1897F822-E1FD-49C9-91BC-0E8576AEE319}.Release|Any CPU.Build.0 = Release|Any CPU
		{E6850FB3-7C85-4FAB-972B-B97E5B671150}.Debug|Any CPU.ActiveCfg = Debug|Any CPU
		{E6850FB3-7C85-4FAB-972B-B97E5B671150}.Debug|Any CPU.Build.0 = Debug|Any CPU
		{E6850FB3-7C85-4FAB-972B-B97E5B671150}.Release|Any CPU.ActiveCfg = Release|Any CPU
		{E6850FB3-7C85-4FAB-972B-B97E5B671150}.Release|Any CPU.Build.0 = Release|Any CPU
	EndGlobalSection
	GlobalSection(SolutionProperties) = preSolution
		HideSolutionNode = FALSE
	EndGlobalSection
	GlobalSection(NestedProjects) = preSolution
		{EACB0D68-0CE4-435A-A3F0-F8BBB22343A4} = {B686E018-4E69-49FC-B206-0E0BAB89E968}
		{360147C0-3E15-4BD8-8CDB-D9D7698FC6FB} = {F10A361E-8428-4AEA-975C-17C26EF42695}
		{08D8A452-94C5-42F6-B72E-52DDDFA01482} = {7FA8882E-818E-449F-9785-1E87861198DF}
		{37CE0909-F5AC-4E9D-B0D4-B04D1FD7369C} = {758EE681-BFC2-4FC0-876D-03E8BF2B9390}
		{1897F822-E1FD-49C9-91BC-0E8576AEE319} = {8A2B3808-5F6D-4CFA-965A-C9BF26596EEA}
		{E6850FB3-7C85-4FAB-972B-B97E5B671150} = {8767CBD0-01D0-42C3-8D0A-C7227DBDFABE}
	EndGlobalSection
	GlobalSection(ExtensibilityGlobals) = postSolution
		SolutionGuid = {D2F84364-ADCD-48AF-BBEB-69FCAA7CA81D}
	EndGlobalSection
EndGlobal
