
Microsoft Visual Studio Solution File, Format Version 12.00
# Visual Studio Version 16
VisualStudioVersion = 16.0.31424.327
MinimumVisualStudioVersion = 10.0.40219.1
Project("{2150E333-8FDC-42A3-9474-1A3956D46DE8}") = "CleanArch.Application", "CleanArch.Application", "{758EE681-BFC2-4FC0-876D-03E8BF2B9390}"
EndProject
Project("{2150E333-8FDC-42A3-9474-1A3956D46DE8}") = "CleanArch.Domain", "CleanArch.Domain", "{F10A361E-8428-4AEA-975C-17C26EF42695}"
EndProject
Project("{2150E333-8FDC-42A3-9474-1A3956D46DE8}") = "CleanArch.Infra.Data", "CleanArch.Infra.Data", "{7FA8882E-818E-449F-9785-1E87861198DF}"
EndProject
Project("{2150E333-8FDC-42A3-9474-1A3956D46DE8}") = "CleanArch.Infra.loC", "CleanArch.Infra.loC", "{8A2B3808-5F6D-4CFA-965A-C9BF26596EEA}"
EndProject
Project("{2150E333-8FDC-42A3-9474-1A3956D46DE8}") = "CleanArch.Mvc", "CleanArch.Mvc", "{B686E018-4E69-49FC-B206-0E0BAB89E968}"
EndProject
Global
	GlobalSection(SolutionProperties) = preSolution
		HideSolutionNode = FALSE
	EndGlobalSection
	GlobalSection(ExtensibilityGlobals) = postSolution
		SolutionGuid = {D2F84364-ADCD-48AF-BBEB-69FCAA7CA81D}
	EndGlobalSection
EndGlobal
